
Microsoft Visual Studio Solution File, Format Version 12.00
# Visual Studio 15
Project("{FAE04EC0-301F-11D3-BF4B-00C04F79EFBC}") = "MSEGrad", "MSEGrad\MSEGrad.csproj", "{B6EC7366-8D72-4412-9D75-BCB98C4DA4F9}"
EndProject
Global
	GlobalSection(SolutionConfigurationPlatforms) = preSolution
		Debug|Any CPU = Debug|Any CPU
		Release|Any CPU = Release|Any CPU
	EndGlobalSection
	GlobalSection(ProjectConfigurationPlatforms) = postSolution
		{B6EC7366-8D72-4412-9D75-BCB98C4DA4F9}.Debug|Any CPU.ActiveCfg = Debug|Any CPU
		{B6EC7366-8D72-4412-9D75-BCB98C4DA4F9}.Debug|Any CPU.Build.0 = Debug|Any CPU
		{B6EC7366-8D72-4412-9D75-BCB98C4DA4F9}.Release|Any CPU.ActiveCfg = Release|Any CPU
		{B6EC7366-8D72-4412-9D75-BCB98C4DA4F9}.Release|Any CPU.Build.0 = Release|Any CPU
	EndGlobalSection
	GlobalSection(MonoDevelopProperties) = preSolution
		Policies = $0
		$0.TextStylePolicy = $1
		$1.FileWidth = 80
		$1.TabsToSpaces = True
		$1.scope = text/plain
		$0.CSharpFormattingPolicy = $2
		$2.scope = text/x-csharp
	EndGlobalSection
EndGlobal
